
Microsoft Visual Studio Solution File, Format Version 12.00
# Visual Studio Version 17
VisualStudioVersion = 17.12.35707.178
MinimumVisualStudioVersion = 10.0.40219.1
Project("{FAE04EC0-301F-11D3-BF4B-00C04F79EFBC}") = "UI", "UI\UI.csproj", "{0767CB57-B984-4EC7-B42B-112AD387F477}"
EndProject
Project("{FAE04EC0-301F-11D3-BF4B-00C04F79EFBC}") = "Domain", "Domain\Domain.csproj", "{8282B659-9369-46A7-8702-E6D9D6619728}"
EndProject
Project("{FAE04EC0-301F-11D3-BF4B-00C04F79EFBC}") = "Services", "Services\Services.csproj", "{3B717297-2CEA-4A0E-A5BC-D96E29E2EB7D}"
EndProject
Project("{FAE04EC0-301F-11D3-BF4B-00C04F79EFBC}") = "Services.Abstraction", "Services.Abstraction\Services.Abstraction.csproj", "{914E2462-842C-4539-8FEC-092B4A25B241}"
EndProject
Global
	GlobalSection(SolutionConfigurationPlatforms) = preSolution
		Debug|Any CPU = Debug|Any CPU
		Release|Any CPU = Release|Any CPU
	EndGlobalSection
	GlobalSection(ProjectConfigurationPlatforms) = postSolution
		{0767CB57-B984-4EC7-B42B-112AD387F477}.Debug|Any CPU.ActiveCfg = Debug|Any CPU
		{0767CB57-B984-4EC7-B42B-112AD387F477}.Debug|Any CPU.Build.0 = Debug|Any CPU
		{0767CB57-B984-4EC7-B42B-112AD387F477}.Release|Any CPU.ActiveCfg = Release|Any CPU
		{0767CB57-B984-4EC7-B42B-112AD387F477}.Release|Any CPU.Build.0 = Release|Any CPU
		{8282B659-9369-46A7-8702-E6D9D6619728}.Debug|Any CPU.ActiveCfg = Debug|Any CPU
		{8282B659-9369-46A7-8702-E6D9D6619728}.Debug|Any CPU.Build.0 = Debug|Any CPU
		{8282B659-9369-46A7-8702-E6D9D6619728}.Release|Any CPU.ActiveCfg = Release|Any CPU
		{8282B659-9369-46A7-8702-E6D9D6619728}.Release|Any CPU.Build.0 = Release|Any CPU
		{3B717297-2CEA-4A0E-A5BC-D96E29E2EB7D}.Debug|Any CPU.ActiveCfg = Debug|Any CPU
		{3B717297-2CEA-4A0E-A5BC-D96E29E2EB7D}.Debug|Any CPU.Build.0 = Debug|Any CPU
		{3B717297-2CEA-4A0E-A5BC-D96E29E2EB7D}.Release|Any CPU.ActiveCfg = Release|Any CPU
		{3B717297-2CEA-4A0E-A5BC-D96E29E2EB7D}.Release|Any CPU.Build.0 = Release|Any CPU
		{914E2462-842C-4539-8FEC-092B4A25B241}.Debug|Any CPU.ActiveCfg = Debug|Any CPU
		{914E2462-842C-4539-8FEC-092B4A25B241}.Debug|Any CPU.Build.0 = Debug|Any CPU
		{914E2462-842C-4539-8FEC-092B4A25B241}.Release|Any CPU.ActiveCfg = Release|Any CPU
		{914E2462-842C-4539-8FEC-092B4A25B241}.Release|Any CPU.Build.0 = Release|Any CPU
	EndGlobalSection
	GlobalSection(SolutionProperties) = preSolution
		HideSolutionNode = FALSE
	EndGlobalSection
EndGlobal
